// !$*UTF8*$!
{
	archiveVersion = 1;
	classes = {
	};
	objectVersion = 55;
	objects = {

/* Begin PBXBuildFile section */
		F54F66322750A33300E8221F /* AppDelegate.swift in Sources */ = {isa = PBXBuildFile; fileRef = F54F66312750A33300E8221F /* AppDelegate.swift */; };
		F54F663B2750A33700E8221F /* Assets.xcassets in Resources */ = {isa = PBXBuildFile; fileRef = F54F663A2750A33700E8221F /* Assets.xcassets */; };
		F54F663E2750A33700E8221F /* LaunchScreen.storyboard in Resources */ = {isa = PBXBuildFile; fileRef = F54F663C2750A33700E8221F /* LaunchScreen.storyboard */; };
		F5B181B72750A5DF00E2CD13 /* StatusCollectionViewCell.swift in Sources */ = {isa = PBXBuildFile; fileRef = F5B181AA2750A5DF00E2CD13 /* StatusCollectionViewCell.swift */; };
		F5B181B82750A5DF00E2CD13 /* StarshipListViewController.swift in Sources */ = {isa = PBXBuildFile; fileRef = F5B181AB2750A5DF00E2CD13 /* StarshipListViewController.swift */; };
		F5B181BA2750A5DF00E2CD13 /* StarshipListCollectionViewCell.swift in Sources */ = {isa = PBXBuildFile; fileRef = F5B181AD2750A5DF00E2CD13 /* StarshipListCollectionViewCell.swift */; };
		F5B181BC2750A5DF00E2CD13 /* StarshipListConfigurator.swift in Sources */ = {isa = PBXBuildFile; fileRef = F5B181AF2750A5DF00E2CD13 /* StarshipListConfigurator.swift */; };
		F5B181BD2750A5DF00E2CD13 /* StarshipListRouter.swift in Sources */ = {isa = PBXBuildFile; fileRef = F5B181B02750A5DF00E2CD13 /* StarshipListRouter.swift */; };
		F5B181BF2750A5DF00E2CD13 /* StarshipListPresenter.swift in Sources */ = {isa = PBXBuildFile; fileRef = F5B181B22750A5DF00E2CD13 /* StarshipListPresenter.swift */; };
		F5B181C52750A92A00E2CD13 /* UIColor Extensions.swift in Sources */ = {isa = PBXBuildFile; fileRef = F5B181C42750A92900E2CD13 /* UIColor Extensions.swift */; };
		F5B181C72750A9B300E2CD13 /* Starship.swift in Sources */ = {isa = PBXBuildFile; fileRef = F5B181C62750A9B300E2CD13 /* Starship.swift */; };
		F5B181C92750AFD500E2CD13 /* AppManager.swift in Sources */ = {isa = PBXBuildFile; fileRef = F5B181C82750AFD500E2CD13 /* AppManager.swift */; };
		F5B181CB2750B0F500E2CD13 /* APIClient.swift in Sources */ = {isa = PBXBuildFile; fileRef = F5B181CA2750B0F500E2CD13 /* APIClient.swift */; };
		F5B181CF2750B41100E2CD13 /* Logging.swift in Sources */ = {isa = PBXBuildFile; fileRef = F5B181CE2750B41100E2CD13 /* Logging.swift */; };
		F5BDE9CB27534E7500E7C390 /* StarshipDetailsViewController.swift in Sources */ = {isa = PBXBuildFile; fileRef = F5BDE9C527534E7500E7C390 /* StarshipDetailsViewController.swift */; };
		F5BDE9CD27534E7500E7C390 /* StarshipDetailsConfigurator.swift in Sources */ = {isa = PBXBuildFile; fileRef = F5BDE9C727534E7500E7C390 /* StarshipDetailsConfigurator.swift */; };
		F5BDE9CE27534E7500E7C390 /* StarshipDetailsRouter.swift in Sources */ = {isa = PBXBuildFile; fileRef = F5BDE9C827534E7500E7C390 /* StarshipDetailsRouter.swift */; };
		F5BDE9CF27534E7500E7C390 /* StarshipDetailsPresenter.swift in Sources */ = {isa = PBXBuildFile; fileRef = F5BDE9C927534E7500E7C390 /* StarshipDetailsPresenter.swift */; };
		FDDFD9793502AC7E76B23F35 /* libPods-StarWarsStarships.a in Frameworks */ = {isa = PBXBuildFile; fileRef = E39E7A618345B2ECD113816A /* libPods-StarWarsStarships.a */; };
/* End PBXBuildFile section */

/* Begin PBXFileReference section */
		36C91C249F3FB015147D45D4 /* Pods-StarWarsStarships.release.xcconfig */ = {isa = PBXFileReference; includeInIndex = 1; lastKnownFileType = text.xcconfig; name = "Pods-StarWarsStarships.release.xcconfig"; path = "Target Support Files/Pods-StarWarsStarships/Pods-StarWarsStarships.release.xcconfig"; sourceTree = "<group>"; };
		3A00B9557619CFD74102E6C0 /* Pods-StarWarsStarships.debug.xcconfig */ = {isa = PBXFileReference; includeInIndex = 1; lastKnownFileType = text.xcconfig; name = "Pods-StarWarsStarships.debug.xcconfig"; path = "Target Support Files/Pods-StarWarsStarships/Pods-StarWarsStarships.debug.xcconfig"; sourceTree = "<group>"; };
		E39E7A618345B2ECD113816A /* libPods-StarWarsStarships.a */ = {isa = PBXFileReference; explicitFileType = archive.ar; includeInIndex = 0; path = "libPods-StarWarsStarships.a"; sourceTree = BUILT_PRODUCTS_DIR; };
		F54F662E2750A33300E8221F /* StarWarsStarships.app */ = {isa = PBXFileReference; explicitFileType = wrapper.application; includeInIndex = 0; path = StarWarsStarships.app; sourceTree = BUILT_PRODUCTS_DIR; };
		F54F66312750A33300E8221F /* AppDelegate.swift */ = {isa = PBXFileReference; lastKnownFileType = sourcecode.swift; path = AppDelegate.swift; sourceTree = "<group>"; };
		F54F663A2750A33700E8221F /* Assets.xcassets */ = {isa = PBXFileReference; lastKnownFileType = folder.assetcatalog; path = Assets.xcassets; sourceTree = "<group>"; };
		F54F663D2750A33700E8221F /* Base */ = {isa = PBXFileReference; lastKnownFileType = file.storyboard; name = Base; path = Base.lproj/LaunchScreen.storyboard; sourceTree = "<group>"; };
		F54F663F2750A33700E8221F /* Info.plist */ = {isa = PBXFileReference; lastKnownFileType = text.plist.xml; path = Info.plist; sourceTree = "<group>"; };
		F5B181AA2750A5DF00E2CD13 /* StatusCollectionViewCell.swift */ = {isa = PBXFileReference; fileEncoding = 4; lastKnownFileType = sourcecode.swift; path = StatusCollectionViewCell.swift; sourceTree = "<group>"; };
		F5B181AB2750A5DF00E2CD13 /* StarshipListViewController.swift */ = {isa = PBXFileReference; fileEncoding = 4; lastKnownFileType = sourcecode.swift; path = StarshipListViewController.swift; sourceTree = "<group>"; };
		F5B181AD2750A5DF00E2CD13 /* StarshipListCollectionViewCell.swift */ = {isa = PBXFileReference; fileEncoding = 4; lastKnownFileType = sourcecode.swift; path = StarshipListCollectionViewCell.swift; sourceTree = "<group>"; };
		F5B181AF2750A5DF00E2CD13 /* StarshipListConfigurator.swift */ = {isa = PBXFileReference; fileEncoding = 4; lastKnownFileType = sourcecode.swift; path = StarshipListConfigurator.swift; sourceTree = "<group>"; };
		F5B181B02750A5DF00E2CD13 /* StarshipListRouter.swift */ = {isa = PBXFileReference; fileEncoding = 4; lastKnownFileType = sourcecode.swift; path = StarshipListRouter.swift; sourceTree = "<group>"; };
		F5B181B22750A5DF00E2CD13 /* StarshipListPresenter.swift */ = {isa = PBXFileReference; fileEncoding = 4; lastKnownFileType = sourcecode.swift; path = StarshipListPresenter.swift; sourceTree = "<group>"; };
		F5B181C42750A92900E2CD13 /* UIColor Extensions.swift */ = {isa = PBXFileReference; fileEncoding = 4; lastKnownFileType = sourcecode.swift; path = "UIColor Extensions.swift"; sourceTree = "<group>"; };
		F5B181C62750A9B300E2CD13 /* Starship.swift */ = {isa = PBXFileReference; fileEncoding = 4; lastKnownFileType = sourcecode.swift; path = Starship.swift; sourceTree = "<group>"; };
		F5B181C82750AFD500E2CD13 /* AppManager.swift */ = {isa = PBXFileReference; fileEncoding = 4; lastKnownFileType = sourcecode.swift; path = AppManager.swift; sourceTree = "<group>"; };
		F5B181CA2750B0F500E2CD13 /* APIClient.swift */ = {isa = PBXFileReference; fileEncoding = 4; lastKnownFileType = sourcecode.swift; path = APIClient.swift; sourceTree = "<group>"; };
		F5B181CE2750B41100E2CD13 /* Logging.swift */ = {isa = PBXFileReference; fileEncoding = 4; lastKnownFileType = sourcecode.swift; path = Logging.swift; sourceTree = "<group>"; };
		F5BDE9C527534E7500E7C390 /* StarshipDetailsViewController.swift */ = {isa = PBXFileReference; fileEncoding = 4; lastKnownFileType = sourcecode.swift; path = StarshipDetailsViewController.swift; sourceTree = "<group>"; };
		F5BDE9C727534E7500E7C390 /* StarshipDetailsConfigurator.swift */ = {isa = PBXFileReference; fileEncoding = 4; lastKnownFileType = sourcecode.swift; path = StarshipDetailsConfigurator.swift; sourceTree = "<group>"; };
		F5BDE9C827534E7500E7C390 /* StarshipDetailsRouter.swift */ = {isa = PBXFileReference; fileEncoding = 4; lastKnownFileType = sourcecode.swift; path = StarshipDetailsRouter.swift; sourceTree = "<group>"; };
		F5BDE9C927534E7500E7C390 /* StarshipDetailsPresenter.swift */ = {isa = PBXFileReference; fileEncoding = 4; lastKnownFileType = sourcecode.swift; path = StarshipDetailsPresenter.swift; sourceTree = "<group>"; };
/* End PBXFileReference section */

/* Begin PBXFrameworksBuildPhase section */
		F54F662B2750A33300E8221F /* Frameworks */ = {
			isa = PBXFrameworksBuildPhase;
			buildActionMask = 2147483647;
			files = (
				FDDFD9793502AC7E76B23F35 /* libPods-StarWarsStarships.a in Frameworks */,
			);
			runOnlyForDeploymentPostprocessing = 0;
		};
/* End PBXFrameworksBuildPhase section */

/* Begin PBXGroup section */
		38DC5E49303092E762031675 /* Frameworks */ = {
			isa = PBXGroup;
			children = (
				E39E7A618345B2ECD113816A /* libPods-StarWarsStarships.a */,
			);
			name = Frameworks;
			sourceTree = "<group>";
		};
		AE50048C5C5EDD290440C512 /* Pods */ = {
			isa = PBXGroup;
			children = (
				3A00B9557619CFD74102E6C0 /* Pods-StarWarsStarships.debug.xcconfig */,
				36C91C249F3FB015147D45D4 /* Pods-StarWarsStarships.release.xcconfig */,
			);
			path = Pods;
			sourceTree = "<group>";
		};
		F54F66252750A33300E8221F = {
			isa = PBXGroup;
			children = (
				F54F66302750A33300E8221F /* StarWarsStarships */,
				F54F662F2750A33300E8221F /* Products */,
				AE50048C5C5EDD290440C512 /* Pods */,
				38DC5E49303092E762031675 /* Frameworks */,
			);
			sourceTree = "<group>";
		};
		F54F662F2750A33300E8221F /* Products */ = {
			isa = PBXGroup;
			children = (
				F54F662E2750A33300E8221F /* StarWarsStarships.app */,
			);
			name = Products;
			sourceTree = "<group>";
		};
		F54F66302750A33300E8221F /* StarWarsStarships */ = {
			isa = PBXGroup;
			children = (
				F54F66312750A33300E8221F /* AppDelegate.swift */,
				F5B181A32750A4F400E2CD13 /* Model */,
				F5B181A42750A4FE00E2CD13 /* Scenes */,
				F5B181A52750A51100E2CD13 /* Extensions */,
				F5B181A62750A51B00E2CD13 /* Views */,
				F5B181A72750A52D00E2CD13 /* API */,
				F5B181A82750A53500E2CD13 /* Managers */,
				F54F663A2750A33700E8221F /* Assets.xcassets */,
				F54F663C2750A33700E8221F /* LaunchScreen.storyboard */,
				F54F663F2750A33700E8221F /* Info.plist */,
			);
			path = StarWarsStarships;
			sourceTree = "<group>";
		};
		F5B181A32750A4F400E2CD13 /* Model */ = {
			isa = PBXGroup;
			children = (
				F5B181C62750A9B300E2CD13 /* Starship.swift */,
			);
			path = Model;
			sourceTree = "<group>";
		};
		F5B181A42750A4FE00E2CD13 /* Scenes */ = {
			isa = PBXGroup;
			children = (
				F5B181A92750A5DF00E2CD13 /* StarshipList */,
				F5BDE9C427534E7500E7C390 /* StarshipDetails */,
			);
			path = Scenes;
			sourceTree = "<group>";
		};
		F5B181A52750A51100E2CD13 /* Extensions */ = {
			isa = PBXGroup;
			children = (
				F5B181C42750A92900E2CD13 /* UIColor Extensions.swift */,
			);
			path = Extensions;
			sourceTree = "<group>";
		};
		F5B181A62750A51B00E2CD13 /* Views */ = {
			isa = PBXGroup;
			children = (
			);
			path = Views;
			sourceTree = "<group>";
		};
		F5B181A72750A52D00E2CD13 /* API */ = {
			isa = PBXGroup;
			children = (
				F5B181CA2750B0F500E2CD13 /* APIClient.swift */,
			);
			path = API;
			sourceTree = "<group>";
		};
		F5B181A82750A53500E2CD13 /* Managers */ = {
			isa = PBXGroup;
			children = (
				F5B181C82750AFD500E2CD13 /* AppManager.swift */,
				F5B181CE2750B41100E2CD13 /* Logging.swift */,
			);
			path = Managers;
			sourceTree = "<group>";
		};
		F5B181A92750A5DF00E2CD13 /* StarshipList */ = {
			isa = PBXGroup;
			children = (
				F5B181AF2750A5DF00E2CD13 /* StarshipListConfigurator.swift */,
				F5B181B02750A5DF00E2CD13 /* StarshipListRouter.swift */,
				F5B181B22750A5DF00E2CD13 /* StarshipListPresenter.swift */,
				F5B181AB2750A5DF00E2CD13 /* StarshipListViewController.swift */,
				F5B181AD2750A5DF00E2CD13 /* StarshipListCollectionViewCell.swift */,
				F5B181AA2750A5DF00E2CD13 /* StatusCollectionViewCell.swift */,
			);
			path = StarshipList;
			sourceTree = "<group>";
		};
		F5BDE9C427534E7500E7C390 /* StarshipDetails */ = {
			isa = PBXGroup;
			children = (
				F5BDE9C727534E7500E7C390 /* StarshipDetailsConfigurator.swift */,
				F5BDE9C827534E7500E7C390 /* StarshipDetailsRouter.swift */,
				F5BDE9C927534E7500E7C390 /* StarshipDetailsPresenter.swift */,
				F5BDE9C527534E7500E7C390 /* StarshipDetailsViewController.swift */,
			);
			path = StarshipDetails;
			sourceTree = "<group>";
		};
/* End PBXGroup section */

/* Begin PBXNativeTarget section */
		F54F662D2750A33300E8221F /* StarWarsStarships */ = {
			isa = PBXNativeTarget;
			buildConfigurationList = F54F66422750A33700E8221F /* Build configuration list for PBXNativeTarget "StarWarsStarships" */;
			buildPhases = (
				DE19FF85A13E0E6B1D0BB06D /* [CP] Check Pods Manifest.lock */,
				F54F662A2750A33300E8221F /* Sources */,
				F54F662B2750A33300E8221F /* Frameworks */,
				F54F662C2750A33300E8221F /* Resources */,
				FC1D45009AADF1B8EB87EF5A /* [CP] Embed Pods Frameworks */,
				5EC04781039EDBC2FCB53ECA /* [CP] Copy Pods Resources */,
			);
			buildRules = (
			);
			dependencies = (
			);
			name = StarWarsStarships;
			productName = StarWarsStarships;
			productReference = F54F662E2750A33300E8221F /* StarWarsStarships.app */;
			productType = "com.apple.product-type.application";
		};
/* End PBXNativeTarget section */

/* Begin PBXProject section */
		F54F66262750A33300E8221F /* Project object */ = {
			isa = PBXProject;
			attributes = {
				BuildIndependentTargetsInParallel = 1;
				LastSwiftUpdateCheck = 1300;
				LastUpgradeCheck = 1300;
				TargetAttributes = {
					F54F662D2750A33300E8221F = {
						CreatedOnToolsVersion = 13.0;
					};
				};
			};
			buildConfigurationList = F54F66292750A33300E8221F /* Build configuration list for PBXProject "StarWarsStarships" */;
			compatibilityVersion = "Xcode 13.0";
			developmentRegion = en;
			hasScannedForEncodings = 0;
			knownRegions = (
				en,
				Base,
			);
			mainGroup = F54F66252750A33300E8221F;
			productRefGroup = F54F662F2750A33300E8221F /* Products */;
			projectDirPath = "";
			projectRoot = "";
			targets = (
				F54F662D2750A33300E8221F /* StarWarsStarships */,
			);
		};
/* End PBXProject section */

/* Begin PBXResourcesBuildPhase section */
		F54F662C2750A33300E8221F /* Resources */ = {
			isa = PBXResourcesBuildPhase;
			buildActionMask = 2147483647;
			files = (
				F54F663E2750A33700E8221F /* LaunchScreen.storyboard in Resources */,
				F54F663B2750A33700E8221F /* Assets.xcassets in Resources */,
			);
			runOnlyForDeploymentPostprocessing = 0;
		};
/* End PBXResourcesBuildPhase section */

/* Begin PBXShellScriptBuildPhase section */
		5EC04781039EDBC2FCB53ECA /* [CP] Copy Pods Resources */ = {
			isa = PBXShellScriptBuildPhase;
			buildActionMask = 2147483647;
			files = (
			);
			inputFileListPaths = (
				"${PODS_ROOT}/Target Support Files/Pods-StarWarsStarships/Pods-StarWarsStarships-resources-${CONFIGURATION}-input-files.xcfilelist",
			);
			name = "[CP] Copy Pods Resources";
			outputFileListPaths = (
				"${PODS_ROOT}/Target Support Files/Pods-StarWarsStarships/Pods-StarWarsStarships-resources-${CONFIGURATION}-output-files.xcfilelist",
			);
			runOnlyForDeploymentPostprocessing = 0;
			shellPath = /bin/sh;
			shellScript = "\"${PODS_ROOT}/Target Support Files/Pods-StarWarsStarships/Pods-StarWarsStarships-resources.sh\"\n";
			showEnvVarsInLog = 0;
		};
		DE19FF85A13E0E6B1D0BB06D /* [CP] Check Pods Manifest.lock */ = {
			isa = PBXShellScriptBuildPhase;
			buildActionMask = 2147483647;
			files = (
			);
			inputFileListPaths = (
			);
			inputPaths = (
				"${PODS_PODFILE_DIR_PATH}/Podfile.lock",
				"${PODS_ROOT}/Manifest.lock",
			);
			name = "[CP] Check Pods Manifest.lock";
			outputFileListPaths = (
			);
			outputPaths = (
				"$(DERIVED_FILE_DIR)/Pods-StarWarsStarships-checkManifestLockResult.txt",
			);
			runOnlyForDeploymentPostprocessing = 0;
			shellPath = /bin/sh;
			shellScript = "diff \"${PODS_PODFILE_DIR_PATH}/Podfile.lock\" \"${PODS_ROOT}/Manifest.lock\" > /dev/null\nif [ $? != 0 ] ; then\n    # print error to STDERR\n    echo \"error: The sandbox is not in sync with the Podfile.lock. Run 'pod install' or update your CocoaPods installation.\" >&2\n    exit 1\nfi\n# This output is used by Xcode 'outputs' to avoid re-running this script phase.\necho \"SUCCESS\" > \"${SCRIPT_OUTPUT_FILE_0}\"\n";
			showEnvVarsInLog = 0;
		};
		FC1D45009AADF1B8EB87EF5A /* [CP] Embed Pods Frameworks */ = {
			isa = PBXShellScriptBuildPhase;
			buildActionMask = 2147483647;
			files = (
			);
			inputFileListPaths = (
				"${PODS_ROOT}/Target Support Files/Pods-StarWarsStarships/Pods-StarWarsStarships-frameworks-${CONFIGURATION}-input-files.xcfilelist",
			);
			name = "[CP] Embed Pods Frameworks";
			outputFileListPaths = (
				"${PODS_ROOT}/Target Support Files/Pods-StarWarsStarships/Pods-StarWarsStarships-frameworks-${CONFIGURATION}-output-files.xcfilelist",
			);
			runOnlyForDeploymentPostprocessing = 0;
			shellPath = /bin/sh;
			shellScript = "\"${PODS_ROOT}/Target Support Files/Pods-StarWarsStarships/Pods-StarWarsStarships-frameworks.sh\"\n";
			showEnvVarsInLog = 0;
		};
/* End PBXShellScriptBuildPhase section */

/* Begin PBXSourcesBuildPhase section */
		F54F662A2750A33300E8221F /* Sources */ = {
			isa = PBXSourcesBuildPhase;
			buildActionMask = 2147483647;
			files = (
				F5BDE9CD27534E7500E7C390 /* StarshipDetailsConfigurator.swift in Sources */,
				F5BDE9CF27534E7500E7C390 /* StarshipDetailsPresenter.swift in Sources */,
				F5B181C52750A92A00E2CD13 /* UIColor Extensions.swift in Sources */,
				F5B181CF2750B41100E2CD13 /* Logging.swift in Sources */,
				F5B181C92750AFD500E2CD13 /* AppManager.swift in Sources */,
				F5BDE9CB27534E7500E7C390 /* StarshipDetailsViewController.swift in Sources */,
				F54F66322750A33300E8221F /* AppDelegate.swift in Sources */,
				F5B181BC2750A5DF00E2CD13 /* StarshipListConfigurator.swift in Sources */,
				F5B181BD2750A5DF00E2CD13 /* StarshipListRouter.swift in Sources */,
				F5B181CB2750B0F500E2CD13 /* APIClient.swift in Sources */,
				F5B181BF2750A5DF00E2CD13 /* StarshipListPresenter.swift in Sources */,
				F5B181BA2750A5DF00E2CD13 /* StarshipListCollectionViewCell.swift in Sources */,
				F5B181B72750A5DF00E2CD13 /* StatusCollectionViewCell.swift in Sources */,
				F5B181C72750A9B300E2CD13 /* Starship.swift in Sources */,
				F5BDE9CE27534E7500E7C390 /* StarshipDetailsRouter.swift in Sources */,
				F5B181B82750A5DF00E2CD13 /* StarshipListViewController.swift in Sources */,
			);
			runOnlyForDeploymentPostprocessing = 0;
		};
/* End PBXSourcesBuildPhase section */

/* Begin PBXVariantGroup section */
		F54F663C2750A33700E8221F /* LaunchScreen.storyboard */ = {
			isa = PBXVariantGroup;
			children = (
				F54F663D2750A33700E8221F /* Base */,
			);
			name = LaunchScreen.storyboard;
			sourceTree = "<group>";
		};
/* End PBXVariantGroup section */

/* Begin XCBuildConfiguration section */
		F54F66402750A33700E8221F /* Debug */ = {
			isa = XCBuildConfiguration;
			buildSettings = {
				ALWAYS_SEARCH_USER_PATHS = NO;
				CLANG_ANALYZER_NONNULL = YES;
				CLANG_ANALYZER_NUMBER_OBJECT_CONVERSION = YES_AGGRESSIVE;
				CLANG_CXX_LANGUAGE_STANDARD = "gnu++17";
				CLANG_CXX_LIBRARY = "libc++";
				CLANG_ENABLE_MODULES = YES;
				CLANG_ENABLE_OBJC_ARC = YES;
				CLANG_ENABLE_OBJC_WEAK = YES;
				CLANG_WARN_BLOCK_CAPTURE_AUTORELEASING = YES;
				CLANG_WARN_BOOL_CONVERSION = YES;
				CLANG_WARN_COMMA = YES;
				CLANG_WARN_CONSTANT_CONVERSION = YES;
				CLANG_WARN_DEPRECATED_OBJC_IMPLEMENTATIONS = YES;
				CLANG_WARN_DIRECT_OBJC_ISA_USAGE = YES_ERROR;
				CLANG_WARN_DOCUMENTATION_COMMENTS = YES;
				CLANG_WARN_EMPTY_BODY = YES;
				CLANG_WARN_ENUM_CONVERSION = YES;
				CLANG_WARN_INFINITE_RECURSION = YES;
				CLANG_WARN_INT_CONVERSION = YES;
				CLANG_WARN_NON_LITERAL_NULL_CONVERSION = YES;
				CLANG_WARN_OBJC_IMPLICIT_RETAIN_SELF = YES;
				CLANG_WARN_OBJC_LITERAL_CONVERSION = YES;
				CLANG_WARN_OBJC_ROOT_CLASS = YES_ERROR;
				CLANG_WARN_QUOTED_INCLUDE_IN_FRAMEWORK_HEADER = YES;
				CLANG_WARN_RANGE_LOOP_ANALYSIS = YES;
				CLANG_WARN_STRICT_PROTOTYPES = YES;
				CLANG_WARN_SUSPICIOUS_MOVE = YES;
				CLANG_WARN_UNGUARDED_AVAILABILITY = YES_AGGRESSIVE;
				CLANG_WARN_UNREACHABLE_CODE = YES;
				CLANG_WARN__DUPLICATE_METHOD_MATCH = YES;
				COPY_PHASE_STRIP = NO;
				DEBUG_INFORMATION_FORMAT = dwarf;
				ENABLE_STRICT_OBJC_MSGSEND = YES;
				ENABLE_TESTABILITY = YES;
				GCC_C_LANGUAGE_STANDARD = gnu11;
				GCC_DYNAMIC_NO_PIC = NO;
				GCC_NO_COMMON_BLOCKS = YES;
				GCC_OPTIMIZATION_LEVEL = 0;
				GCC_PREPROCESSOR_DEFINITIONS = (
					"DEBUG=1",
					"$(inherited)",
				);
				GCC_WARN_64_TO_32_BIT_CONVERSION = YES;
				GCC_WARN_ABOUT_RETURN_TYPE = YES_ERROR;
				GCC_WARN_UNDECLARED_SELECTOR = YES;
				GCC_WARN_UNINITIALIZED_AUTOS = YES_AGGRESSIVE;
				GCC_WARN_UNUSED_FUNCTION = YES;
				GCC_WARN_UNUSED_VARIABLE = YES;
				IPHONEOS_DEPLOYMENT_TARGET = 15.0;
				MTL_ENABLE_DEBUG_INFO = INCLUDE_SOURCE;
				MTL_FAST_MATH = YES;
				ONLY_ACTIVE_ARCH = YES;
				SDKROOT = iphoneos;
				SWIFT_ACTIVE_COMPILATION_CONDITIONS = DEBUG;
				SWIFT_OPTIMIZATION_LEVEL = "-Onone";
			};
			name = Debug;
		};
		F54F66412750A33700E8221F /* Release */ = {
			isa = XCBuildConfiguration;
			buildSettings = {
				ALWAYS_SEARCH_USER_PATHS = NO;
				CLANG_ANALYZER_NONNULL = YES;
				CLANG_ANALYZER_NUMBER_OBJECT_CONVERSION = YES_AGGRESSIVE;
				CLANG_CXX_LANGUAGE_STANDARD = "gnu++17";
				CLANG_CXX_LIBRARY = "libc++";
				CLANG_ENABLE_MODULES = YES;
				CLANG_ENABLE_OBJC_ARC = YES;
				CLANG_ENABLE_OBJC_WEAK = YES;
				CLANG_WARN_BLOCK_CAPTURE_AUTORELEASING = YES;
				CLANG_WARN_BOOL_CONVERSION = YES;
				CLANG_WARN_COMMA = YES;
				CLANG_WARN_CONSTANT_CONVERSION = YES;
				CLANG_WARN_DEPRECATED_OBJC_IMPLEMENTATIONS = YES;
				CLANG_WARN_DIRECT_OBJC_ISA_USAGE = YES_ERROR;
				CLANG_WARN_DOCUMENTATION_COMMENTS = YES;
				CLANG_WARN_EMPTY_BODY = YES;
				CLANG_WARN_ENUM_CONVERSION = YES;
				CLANG_WARN_INFINITE_RECURSION = YES;
				CLANG_WARN_INT_CONVERSION = YES;
				CLANG_WARN_NON_LITERAL_NULL_CONVERSION = YES;
				CLANG_WARN_OBJC_IMPLICIT_RETAIN_SELF = YES;
				CLANG_WARN_OBJC_LITERAL_CONVERSION = YES;
				CLANG_WARN_OBJC_ROOT_CLASS = YES_ERROR;
				CLANG_WARN_QUOTED_INCLUDE_IN_FRAMEWORK_HEADER = YES;
				CLANG_WARN_RANGE_LOOP_ANALYSIS = YES;
				CLANG_WARN_STRICT_PROTOTYPES = YES;
				CLANG_WARN_SUSPICIOUS_MOVE = YES;
				CLANG_WARN_UNGUARDED_AVAILABILITY = YES_AGGRESSIVE;
				CLANG_WARN_UNREACHABLE_CODE = YES;
				CLANG_WARN__DUPLICATE_METHOD_MATCH = YES;
				COPY_PHASE_STRIP = NO;
				DEBUG_INFORMATION_FORMAT = "dwarf-with-dsym";
				ENABLE_NS_ASSERTIONS = NO;
				ENABLE_STRICT_OBJC_MSGSEND = YES;
				GCC_C_LANGUAGE_STANDARD = gnu11;
				GCC_NO_COMMON_BLOCKS = YES;
				GCC_WARN_64_TO_32_BIT_CONVERSION = YES;
				GCC_WARN_ABOUT_RETURN_TYPE = YES_ERROR;
				GCC_WARN_UNDECLARED_SELECTOR = YES;
				GCC_WARN_UNINITIALIZED_AUTOS = YES_AGGRESSIVE;
				GCC_WARN_UNUSED_FUNCTION = YES;
				GCC_WARN_UNUSED_VARIABLE = YES;
				IPHONEOS_DEPLOYMENT_TARGET = 15.0;
				MTL_ENABLE_DEBUG_INFO = NO;
				MTL_FAST_MATH = YES;
				SDKROOT = iphoneos;
				SWIFT_COMPILATION_MODE = wholemodule;
				SWIFT_OPTIMIZATION_LEVEL = "-O";
				VALIDATE_PRODUCT = YES;
			};
			name = Release;
		};
		F54F66432750A33700E8221F /* Debug */ = {
			isa = XCBuildConfiguration;
			baseConfigurationReference = 3A00B9557619CFD74102E6C0 /* Pods-StarWarsStarships.debug.xcconfig */;
			buildSettings = {
				ASSETCATALOG_COMPILER_APPICON_NAME = AppIcon;
				ASSETCATALOG_COMPILER_GLOBAL_ACCENT_COLOR_NAME = AccentColor;
				CODE_SIGN_STYLE = Automatic;
				CURRENT_PROJECT_VERSION = 1;
				DEVELOPMENT_TEAM = 88EF64PFW3;
				GENERATE_INFOPLIST_FILE = YES;
				INFOPLIST_FILE = StarWarsStarships/Info.plist;
				INFOPLIST_KEY_UIApplicationSupportsIndirectInputEvents = YES;
				INFOPLIST_KEY_UILaunchStoryboardName = LaunchScreen;
				INFOPLIST_KEY_UIMainStoryboardFile = "";
				INFOPLIST_KEY_UISupportedInterfaceOrientations_iPad = "UIInterfaceOrientationPortrait UIInterfaceOrientationPortraitUpsideDown UIInterfaceOrientationLandscapeLeft UIInterfaceOrientationLandscapeRight";
				INFOPLIST_KEY_UISupportedInterfaceOrientations_iPhone = "UIInterfaceOrientationPortrait UIInterfaceOrientationLandscapeLeft UIInterfaceOrientationLandscapeRight";
				LD_RUNPATH_SEARCH_PATHS = (
					"$(inherited)",
					"@executable_path/Frameworks",
				);
				MARKETING_VERSION = 1.0;
				PRODUCT_BUNDLE_IDENTIFIER = com.transurban.StarWarsStarships;
				PRODUCT_NAME = "$(TARGET_NAME)";
				SWIFT_EMIT_LOC_STRINGS = YES;
				SWIFT_VERSION = 5.0;
				TARGETED_DEVICE_FAMILY = 1;
			};
			name = Debug;
		};
		F54F66442750A33700E8221F /* Release */ = {
			isa = XCBuildConfiguration;
			baseConfigurationReference = 36C91C249F3FB015147D45D4 /* Pods-StarWarsStarships.release.xcconfig */;
			buildSettings = {
				ASSETCATALOG_COMPILER_APPICON_NAME = AppIcon;
				ASSETCATALOG_COMPILER_GLOBAL_ACCENT_COLOR_NAME = AccentColor;
				CODE_SIGN_STYLE = Automatic;
				CURRENT_PROJECT_VERSION = 1;
				DEVELOPMENT_TEAM = 88EF64PFW3;
				GENERATE_INFOPLIST_FILE = YES;
				INFOPLIST_FILE = StarWarsStarships/Info.plist;
				INFOPLIST_KEY_UIApplicationSupportsIndirectInputEvents = YES;
				INFOPLIST_KEY_UILaunchStoryboardName = LaunchScreen;
				INFOPLIST_KEY_UIMainStoryboardFile = "";
				INFOPLIST_KEY_UISupportedInterfaceOrientations_iPad = "UIInterfaceOrientationPortrait UIInterfaceOrientationPortraitUpsideDown UIInterfaceOrientationLandscapeLeft UIInterfaceOrientationLandscapeRight";
				INFOPLIST_KEY_UISupportedInterfaceOrientations_iPhone = "UIInterfaceOrientationPortrait UIInterfaceOrientationLandscapeLeft UIInterfaceOrientationLandscapeRight";
				LD_RUNPATH_SEARCH_PATHS = (
					"$(inherited)",
					"@executable_path/Frameworks",
				);
				MARKETING_VERSION = 1.0;
				PRODUCT_BUNDLE_IDENTIFIER = com.transurban.StarWarsStarships;
				PRODUCT_NAME = "$(TARGET_NAME)";
				SWIFT_EMIT_LOC_STRINGS = YES;
				SWIFT_VERSION = 5.0;
				TARGETED_DEVICE_FAMILY = 1;
			};
			name = Release;
		};
/* End XCBuildConfiguration section */

/* Begin XCConfigurationList section */
		F54F66292750A33300E8221F /* Build configuration list for PBXProject "StarWarsStarships" */ = {
			isa = XCConfigurationList;
			buildConfigurations = (
				F54F66402750A33700E8221F /* Debug */,
				F54F66412750A33700E8221F /* Release */,
			);
			defaultConfigurationIsVisible = 0;
			defaultConfigurationName = Release;
		};
		F54F66422750A33700E8221F /* Build configuration list for PBXNativeTarget "StarWarsStarships" */ = {
			isa = XCConfigurationList;
			buildConfigurations = (
				F54F66432750A33700E8221F /* Debug */,
				F54F66442750A33700E8221F /* Release */,
			);
			defaultConfigurationIsVisible = 0;
			defaultConfigurationName = Release;
		};
/* End XCConfigurationList section */
	};
	rootObject = F54F66262750A33300E8221F /* Project object */;
}
